
Microsoft Visual Studio Solution File, Format Version 12.00
# Visual Studio Version 17
VisualStudioVersion = 17.11.35327.3
MinimumVisualStudioVersion = 10.0.40219.1
Project("{FAE04EC0-301F-11D3-BF4B-00C04F79EFBC}") = "acs", "acs\acs.csproj", "{01DD1771-0376-49C1-A54D-A6C9C9273D86}"
EndProject
Project("{2150E333-8FDC-42A3-9474-1A3956D46DE8}") = "Solution Items", "Solution Items", "{BC27DF14-30A5-4690-8D94-39E7950BC721}"
	ProjectSection(SolutionItems) = preProject
		acs\acs-automated-door-lock-system-firebase-adminsdk-bz43s-fb88f9cfca.json = acs\acs-automated-door-lock-system-firebase-adminsdk-bz43s-fb88f9cfca.json
	EndProjectSection
EndProject
Global
	GlobalSection(SolutionConfigurationPlatforms) = preSolution
		Debug|Any CPU = Debug|Any CPU
		Release|Any CPU = Release|Any CPU
	EndGlobalSection
	GlobalSection(ProjectConfigurationPlatforms) = postSolution
		{01DD1771-0376-49C1-A54D-A6C9C9273D86}.Debug|Any CPU.ActiveCfg = Debug|Any CPU
		{01DD1771-0376-49C1-A54D-A6C9C9273D86}.Debug|Any CPU.Build.0 = Debug|Any CPU
		{01DD1771-0376-49C1-A54D-A6C9C9273D86}.Release|Any CPU.ActiveCfg = Release|Any CPU
		{01DD1771-0376-49C1-A54D-A6C9C9273D86}.Release|Any CPU.Build.0 = Release|Any CPU
	EndGlobalSection
	GlobalSection(SolutionProperties) = preSolution
		HideSolutionNode = FALSE
	EndGlobalSection
	GlobalSection(ExtensibilityGlobals) = postSolution
		SolutionGuid = {3971F868-E329-435E-9D8A-0AFD94428C30}
	EndGlobalSection
EndGlobal
